vimagination.zapto.org/httpencoding v0.0.0-20200308201051-11896c622dd3 h1:1YbOB/k0ab//SmuieOpa6iIqwBHB8o9DFKxJxNpefI0=
vimagination.zapto.org/httpencoding v0.0.0-20200308201051-11896c622dd3/go.mod h1:J2hxhPn3VjWestQQ036OYpDwwerfvIHmbtmTqpKVe0w=
vimagination.zapto.org/httpencoding v1.0.0 h1:sSibnPq1pKROK4IBTNNCAKRPCijIZAaMQUBf/Mn5GA0=
vimagination.zapto.org/httpencoding v1.0.0/go.mod h1:J2hxhPn3VjWestQQ036OYpDwwerfvIHmbtmTqpKVe0w=
